
Microsoft Visual Studio Solution File, Format Version 12.00
# Visual Studio Version 16
VisualStudioVersion = 16.0.32228.343
MinimumVisualStudioVersion = 10.0.40219.1
Project("{FAE04EC0-301F-11D3-BF4B-00C04F79EFBC}") = "prime number", "prime number\prime number.csproj", "{967CEADB-9B19-4D2C-BF8D-3B7783D2AD0F}"
EndProject
Global
	GlobalSection(SolutionConfigurationPlatforms) = preSolution
		Debug|Any CPU = Debug|Any CPU
		Release|Any CPU = Release|Any CPU
	EndGlobalSection
	GlobalSection(ProjectConfigurationPlatforms) = postSolution
		{967CEADB-9B19-4D2C-BF8D-3B7783D2AD0F}.Debug|Any CPU.ActiveCfg = Debug|Any CPU
		{967CEADB-9B19-4D2C-BF8D-3B7783D2AD0F}.Debug|Any CPU.Build.0 = Debug|Any CPU
		{967CEADB-9B19-4D2C-BF8D-3B7783D2AD0F}.Release|Any CPU.ActiveCfg = Release|Any CPU
		{967CEADB-9B19-4D2C-BF8D-3B7783D2AD0F}.Release|Any CPU.Build.0 = Release|Any CPU
	EndGlobalSection
	GlobalSection(SolutionProperties) = preSolution
		HideSolutionNode = FALSE
	EndGlobalSection
	GlobalSection(ExtensibilityGlobals) = postSolution
		SolutionGuid = {418987FE-E951-433C-BBFB-17AA85DBFD89}
	EndGlobalSection
EndGlobal
